
Microsoft Visual Studio Solution File, Format Version 12.00
# Visual Studio Version 17
VisualStudioVersion = 17.9.34607.119
MinimumVisualStudioVersion = 10.0.40219.1
Project("{FAE04EC0-301F-11D3-BF4B-00C04F79EFBC}") = "IntroductoryEducationalPractice", "IntroductoryEducationalPractice\IntroductoryEducationalPractice.csproj", "{BBDF82C2-029C-4735-8873-2ED537F2D538}"
EndProject
Global
	GlobalSection(SolutionConfigurationPlatforms) = preSolution
		Debug|Any CPU = Debug|Any CPU
		Release|Any CPU = Release|Any CPU
	EndGlobalSection
	GlobalSection(ProjectConfigurationPlatforms) = postSolution
		{BBDF82C2-029C-4735-8873-2ED537F2D538}.Debug|Any CPU.ActiveCfg = Debug|Any CPU
		{BBDF82C2-029C-4735-8873-2ED537F2D538}.Debug|Any CPU.Build.0 = Debug|Any CPU
		{BBDF82C2-029C-4735-8873-2ED537F2D538}.Release|Any CPU.ActiveCfg = Release|Any CPU
		{BBDF82C2-029C-4735-8873-2ED537F2D538}.Release|Any CPU.Build.0 = Release|Any CPU
	EndGlobalSection
	GlobalSection(SolutionProperties) = preSolution
		HideSolutionNode = FALSE
	EndGlobalSection
	GlobalSection(ExtensibilityGlobals) = postSolution
		SolutionGuid = {DFB06D6E-4E90-434D-804A-A3307B2C838C}
	EndGlobalSection
EndGlobal
